
Microsoft Visual Studio Solution File, Format Version 12.00
# Visual Studio Version 17
VisualStudioVersion = 17.14.36915.13 d17.14
MinimumVisualStudioVersion = 10.0.40219.1
Project("{FAE04EC0-301F-11D3-BF4B-00C04F79EFBC}") = "OnlineShopping.API", "OnlineShopping.API\OnlineShopping.API.csproj", "{1CADD540-83E8-44AC-A8C8-79249F806ADA}"
EndProject
Project("{FAE04EC0-301F-11D3-BF4B-00C04F79EFBC}") = "OnlineShopping.MVC", "OnlineShopping.MVC\OnlineShopping.MVC.csproj", "{50CD75D3-A491-4463-B29F-7B5D03B3C3DD}"
EndProject
Global
	GlobalSection(SolutionConfigurationPlatforms) = preSolution
		Debug|Any CPU = Debug|Any CPU
		Release|Any CPU = Release|Any CPU
	EndGlobalSection
	GlobalSection(ProjectConfigurationPlatforms) = postSolution
		{1CADD540-83E8-44AC-A8C8-79249F806ADA}.Debug|Any CPU.ActiveCfg = Debug|Any CPU
		{1CADD540-83E8-44AC-A8C8-79249F806ADA}.Debug|Any CPU.Build.0 = Debug|Any CPU
		{1CADD540-83E8-44AC-A8C8-79249F806ADA}.Release|Any CPU.ActiveCfg = Release|Any CPU
		{1CADD540-83E8-44AC-A8C8-79249F806ADA}.Release|Any CPU.Build.0 = Release|Any CPU
		{50CD75D3-A491-4463-B29F-7B5D03B3C3DD}.Debug|Any CPU.ActiveCfg = Debug|Any CPU
		{50CD75D3-A491-4463-B29F-7B5D03B3C3DD}.Debug|Any CPU.Build.0 = Debug|Any CPU
		{50CD75D3-A491-4463-B29F-7B5D03B3C3DD}.Release|Any CPU.ActiveCfg = Release|Any CPU
		{50CD75D3-A491-4463-B29F-7B5D03B3C3DD}.Release|Any CPU.Build.0 = Release|Any CPU
	EndGlobalSection
	GlobalSection(SolutionProperties) = preSolution
		HideSolutionNode = FALSE
	EndGlobalSection
	GlobalSection(ExtensibilityGlobals) = postSolution
		SolutionGuid = {D23E4A56-FF88-413F-A91E-2861EFF620DC}
	EndGlobalSection
EndGlobal
